<?xml version="1.0" encoding="utf-8"?>
<Project ToolsVersion="4.0" xmlns="http://schemas.microsoft.com/developer/msbuild/2003">
  <ItemGroup>
    <Filter Include="Utils">
      <UniqueIdentifier>{58d8a3e3-34b4-42f7-8740-18437d305867}</UniqueIdentifier>
    </Filter>
    <Filter Include="Main">
      <UniqueIdentifier>{cd881620-a5bc-4930-9eb7-7a0cc3a13544}</UniqueIdentifier>
    </Filter>
    <Filter Include="Game">
      <UniqueIdentifier>{4c29a67b-e97d-49b0-b1d7-74261d9be1ca}</UniqueIdentifier>
    </Filter>
  </ItemGroup>
  <ItemGroup>
    <ClCompile Include="Main.cpp">
      <Filter>Main</Filter>
    </ClCompile>
    <ClCompile Include="CameraScript.cpp">
      <Filter>Utils</Filter>
    </ClCompile>
    <ClCompile Include="pch.cpp">
      <Filter>Main</Filter>
    </ClCompile>
    <ClCompile Include="Converter.cpp">
      <Filter>Utils</Filter>
    </ClCompile>
    <ClCompile Include="AssimpTool.cpp">
      <Filter>Game</Filter>
    </ClCompile>
    <ClCompile Include="AsTypes.cpp">
      <Filter>Main</Filter>
    </ClCompile>
    <ClCompile Include="StaticMeshDemo.cpp">
      <Filter>Game</Filter>
    </ClCompile>
    <ClCompile Include="ImGuiDemo.cpp">
      <Filter>Game</Filter>
    </ClCompile>
    <ClCompile Include="AnimationDemo.cpp">
      <Filter>Game</Filter>
    </ClCompile>
    <ClCompile Include="TweenDemo.cpp">
      <Filter>Game</Filter>
    </ClCompile>
    <ClCompile Include="SkyDemo.cpp">
      <Filter>Game</Filter>
    </ClCompile>
  </ItemGroup>
  <ItemGroup>
    <ClInclude Include="Main.h">
      <Filter>Main</Filter>
    </ClInclude>
    <ClInclude Include="CameraScript.h">
      <Filter>Utils</Filter>
    </ClInclude>
    <ClInclude Include="pch.h">
      <Filter>Main</Filter>
    </ClInclude>
    <ClInclude Include="Converter.h">
      <Filter>Utils</Filter>
    </ClInclude>
    <ClInclude Include="AssimpTool.h">
      <Filter>Game</Filter>
    </ClInclude>
    <ClInclude Include="AsTypes.h">
      <Filter>Main</Filter>
    </ClInclude>
    <ClInclude Include="StaticMeshDemo.h">
      <Filter>Game</Filter>
    </ClInclude>
    <ClInclude Include="ImGuiDemo.h">
      <Filter>Game</Filter>
    </ClInclude>
    <ClInclude Include="AnimationDemo.h">
      <Filter>Game</Filter>
    </ClInclude>
    <ClInclude Include="TweenDemo.h">
      <Filter>Game</Filter>
    </ClInclude>
    <ClInclude Include="SkyDemo.h">
      <Filter>Game</Filter>
    </ClInclude>
  </ItemGroup>
</Project>